
Microsoft Visual Studio Solution File, Format Version 12.00
# Visual Studio 15
VisualStudioVersion = 15.0.27703.2026
MinimumVisualStudioVersion = 10.0.40219.1
Project("{8BC9CEB8-8B4A-11D0-8D11-00A0C91BC942}") = "streamgift", "streamgift\streamgift.vcxproj", "{A76F52B0-1F88-4721-8868-FDCD744F4141}"
EndProject
Global
	GlobalSection(SolutionConfigurationPlatforms) = preSolution
		Debug|x64 = Debug|x64
		Debug|x86 = Debug|x86
		Release|x64 = Release|x64
		Release|x86 = Release|x86
	EndGlobalSection
	GlobalSection(ProjectConfigurationPlatforms) = postSolution
		{A76F52B0-1F88-4721-8868-FDCD744F4141}.Debug|x64.ActiveCfg = Debug|x64
		{A76F52B0-1F88-4721-8868-FDCD744F4141}.Debug|x64.Build.0 = Debug|x64
		{A76F52B0-1F88-4721-8868-FDCD744F4141}.Debug|x86.ActiveCfg = Debug|Win32
		{A76F52B0-1F88-4721-8868-FDCD744F4141}.Debug|x86.Build.0 = Debug|Win32
		{A76F52B0-1F88-4721-8868-FDCD744F4141}.Release|x64.ActiveCfg = Release|x64
		{A76F52B0-1F88-4721-8868-FDCD744F4141}.Release|x64.Build.0 = Release|x64
		{A76F52B0-1F88-4721-8868-FDCD744F4141}.Release|x86.ActiveCfg = Release|Win32
		{A76F52B0-1F88-4721-8868-FDCD744F4141}.Release|x86.Build.0 = Release|Win32
	EndGlobalSection
	GlobalSection(SolutionProperties) = preSolution
		HideSolutionNode = FALSE
	EndGlobalSection
	GlobalSection(ExtensibilityGlobals) = postSolution
		SolutionGuid = {3DB3DA46-0E63-451E-A043-D739CAAD4D13}
	EndGlobalSection
EndGlobal
